
Microsoft Visual Studio Solution File, Format Version 12.00
# Visual Studio 15
VisualStudioVersion = 15.0.26430.13
MinimumVisualStudioVersion = 10.0.40219.1
Project("{9A19103F-16F7-4668-BE54-9A1E7A4F7556}") = "ng4webapi", "ng4webapi.csproj", "{A94F9322-9D77-4D10-92B4-F6ACF04A616B}"
EndProject
Project("{FAE04EC0-301F-11D3-BF4B-00C04F79EFBC}") = "DataAccess", "DataAccess\DataAccess.csproj", "{38E5194A-278A-4C0F-A3B7-C20E8442EB38}"
EndProject
Global
	GlobalSection(SolutionConfigurationPlatforms) = preSolution
		Debug|Any CPU = Debug|Any CPU
		Release|Any CPU = Release|Any CPU
	EndGlobalSection
	GlobalSection(ProjectConfigurationPlatforms) = postSolution
		{A94F9322-9D77-4D10-92B4-F6ACF04A616B}.Debug|Any CPU.ActiveCfg = Debug|Any CPU
		{A94F9322-9D77-4D10-92B4-F6ACF04A616B}.Debug|Any CPU.Build.0 = Debug|Any CPU
		{A94F9322-9D77-4D10-92B4-F6ACF04A616B}.Release|Any CPU.ActiveCfg = Release|Any CPU
		{A94F9322-9D77-4D10-92B4-F6ACF04A616B}.Release|Any CPU.Build.0 = Release|Any CPU
		{38E5194A-278A-4C0F-A3B7-C20E8442EB38}.Debug|Any CPU.ActiveCfg = Debug|Any CPU
		{38E5194A-278A-4C0F-A3B7-C20E8442EB38}.Debug|Any CPU.Build.0 = Debug|Any CPU
		{38E5194A-278A-4C0F-A3B7-C20E8442EB38}.Release|Any CPU.ActiveCfg = Release|Any CPU
		{38E5194A-278A-4C0F-A3B7-C20E8442EB38}.Release|Any CPU.Build.0 = Release|Any CPU
	EndGlobalSection
	GlobalSection(SolutionProperties) = preSolution
		HideSolutionNode = FALSE
	EndGlobalSection
EndGlobal
